
Microsoft Visual Studio Solution File, Format Version 12.00
# Visual Studio Version 16
VisualStudioVersion = 16.0.29318.209
MinimumVisualStudioVersion = 10.0.40219.1
Project("{FAE04EC0-301F-11D3-BF4B-00C04F79EFBC}") = "WorkingWithDB", "WorkingWithDB.csproj", "{1812621A-C0FA-4A50-B859-6BABE4F6B651}"
EndProject
Global
	GlobalSection(SolutionConfigurationPlatforms) = preSolution
		Debug|Any CPU = Debug|Any CPU
		Release|Any CPU = Release|Any CPU
	EndGlobalSection
	GlobalSection(ProjectConfigurationPlatforms) = postSolution
		{1812621A-C0FA-4A50-B859-6BABE4F6B651}.Debug|Any CPU.ActiveCfg = Debug|Any CPU
		{1812621A-C0FA-4A50-B859-6BABE4F6B651}.Debug|Any CPU.Build.0 = Debug|Any CPU
		{1812621A-C0FA-4A50-B859-6BABE4F6B651}.Release|Any CPU.ActiveCfg = Release|Any CPU
		{1812621A-C0FA-4A50-B859-6BABE4F6B651}.Release|Any CPU.Build.0 = Release|Any CPU
	EndGlobalSection
	GlobalSection(SolutionProperties) = preSolution
		HideSolutionNode = FALSE
	EndGlobalSection
	GlobalSection(ExtensibilityGlobals) = postSolution
		SolutionGuid = {6FFAFEDA-9235-41BC-BE7C-78ED2EEB3896}
	EndGlobalSection
EndGlobal
